
Microsoft Visual Studio Solution File, Format Version 12.00
# Visual Studio Version 17
VisualStudioVersion = 17.14.36401.2 d17.14
MinimumVisualStudioVersion = 10.0.40219.1
Project("{FAE04EC0-301F-11D3-BF4B-00C04F79EFBC}") = "Logbook", "Logbook.csproj", "{2F14F870-5D53-4353-A786-D0108C9F8221}"
EndProject
Global
	GlobalSection(SolutionConfigurationPlatforms) = preSolution
		Debug|Any CPU = Debug|Any CPU
		Release|Any CPU = Release|Any CPU
	EndGlobalSection
	GlobalSection(ProjectConfigurationPlatforms) = postSolution
		{2F14F870-5D53-4353-A786-D0108C9F8221}.Debug|Any CPU.ActiveCfg = Debug|Any CPU
		{2F14F870-5D53-4353-A786-D0108C9F8221}.Debug|Any CPU.Build.0 = Debug|Any CPU
		{2F14F870-5D53-4353-A786-D0108C9F8221}.Release|Any CPU.ActiveCfg = Release|Any CPU
		{2F14F870-5D53-4353-A786-D0108C9F8221}.Release|Any CPU.Build.0 = Release|Any CPU
	EndGlobalSection
	GlobalSection(SolutionProperties) = preSolution
		HideSolutionNode = FALSE
	EndGlobalSection
	GlobalSection(ExtensibilityGlobals) = postSolution
		SolutionGuid = {A1A39176-8245-4EE2-8F2E-A1CAED22B07A}
	EndGlobalSection
EndGlobal
